// !$*UTF8*$!
{
	archiveVersion = 1;
	classes = {
	};
	objectVersion = 56;
	objects = {

/* Begin PBXBuildFile section */
		35AC619D2A62982900A794B4 /* AppDelegate.swift in Sources */ = {isa = PBXBuildFile; fileRef = 35AC619C2A62982900A794B4 /* AppDelegate.swift */; };
		35AC619F2A62982900A794B4 /* SceneDelegate.swift in Sources */ = {isa = PBXBuildFile; fileRef = 35AC619E2A62982900A794B4 /* SceneDelegate.swift */; };
		35AC61A12A62982900A794B4 /* ViewController.swift in Sources */ = {isa = PBXBuildFile; fileRef = 35AC61A02A62982900A794B4 /* ViewController.swift */; };
		35AC61A62A62982A00A794B4 /* Assets.xcassets in Resources */ = {isa = PBXBuildFile; fileRef = 35AC61A52A62982A00A794B4 /* Assets.xcassets */; };
		35AC61A92A62982A00A794B4 /* LaunchScreen.storyboard in Resources */ = {isa = PBXBuildFile; fileRef = 35AC61A72A62982A00A794B4 /* LaunchScreen.storyboard */; };
		35AC61B22A62B82C00A794B4 /* GradientView.swift in Sources */ = {isa = PBXBuildFile; fileRef = 35AC61B12A62B82C00A794B4 /* GradientView.swift */; };
		35AC61B42A62B84800A794B4 /* Gradient.swift in Sources */ = {isa = PBXBuildFile; fileRef = 35AC61B32A62B84800A794B4 /* Gradient.swift */; };
		35AC61B62A62B87300A794B4 /* ChildViewController.swift in Sources */ = {isa = PBXBuildFile; fileRef = 35AC61B52A62B87300A794B4 /* ChildViewController.swift */; };
/* End PBXBuildFile section */

/* Begin PBXFileReference section */
		35AC61992A62982900A794B4 /* CompactController.app */ = {isa = PBXFileReference; explicitFileType = wrapper.application; includeInIndex = 0; path = CompactController.app; sourceTree = BUILT_PRODUCTS_DIR; };
		35AC619C2A62982900A794B4 /* AppDelegate.swift */ = {isa = PBXFileReference; lastKnownFileType = sourcecode.swift; path = AppDelegate.swift; sourceTree = "<group>"; };
		35AC619E2A62982900A794B4 /* SceneDelegate.swift */ = {isa = PBXFileReference; lastKnownFileType = sourcecode.swift; path = SceneDelegate.swift; sourceTree = "<group>"; };
		35AC61A02A62982900A794B4 /* ViewController.swift */ = {isa = PBXFileReference; lastKnownFileType = sourcecode.swift; path = ViewController.swift; sourceTree = "<group>"; };
		35AC61A52A62982A00A794B4 /* Assets.xcassets */ = {isa = PBXFileReference; lastKnownFileType = folder.assetcatalog; path = Assets.xcassets; sourceTree = "<group>"; };
		35AC61A82A62982A00A794B4 /* Base */ = {isa = PBXFileReference; lastKnownFileType = file.storyboard; name = Base; path = Base.lproj/LaunchScreen.storyboard; sourceTree = "<group>"; };
		35AC61AA2A62982A00A794B4 /* Info.plist */ = {isa = PBXFileReference; lastKnownFileType = text.plist.xml; path = Info.plist; sourceTree = "<group>"; };
		35AC61B12A62B82C00A794B4 /* GradientView.swift */ = {isa = PBXFileReference; lastKnownFileType = sourcecode.swift; path = GradientView.swift; sourceTree = "<group>"; };
		35AC61B32A62B84800A794B4 /* Gradient.swift */ = {isa = PBXFileReference; lastKnownFileType = sourcecode.swift; path = Gradient.swift; sourceTree = "<group>"; };
		35AC61B52A62B87300A794B4 /* ChildViewController.swift */ = {isa = PBXFileReference; lastKnownFileType = sourcecode.swift; path = ChildViewController.swift; sourceTree = "<group>"; };
/* End PBXFileReference section */

/* Begin PBXFrameworksBuildPhase section */
		35AC61962A62982900A794B4 /* Frameworks */ = {
			isa = PBXFrameworksBuildPhase;
			buildActionMask = 2147483647;
			files = (
			);
			runOnlyForDeploymentPostprocessing = 0;
		};
/* End PBXFrameworksBuildPhase section */

/* Begin PBXGroup section */
		35AC61902A62982900A794B4 = {
			isa = PBXGroup;
			children = (
				35AC619B2A62982900A794B4 /* CompactController */,
				35AC619A2A62982900A794B4 /* Products */,
			);
			sourceTree = "<group>";
		};
		35AC619A2A62982900A794B4 /* Products */ = {
			isa = PBXGroup;
			children = (
				35AC61992A62982900A794B4 /* CompactController.app */,
			);
			name = Products;
			sourceTree = "<group>";
		};
		35AC619B2A62982900A794B4 /* CompactController */ = {
			isa = PBXGroup;
			children = (
				35AC61B02A62B81800A794B4 /* Gradients */,
				35AC619C2A62982900A794B4 /* AppDelegate.swift */,
				35AC619E2A62982900A794B4 /* SceneDelegate.swift */,
				35AC61A02A62982900A794B4 /* ViewController.swift */,
				35AC61A52A62982A00A794B4 /* Assets.xcassets */,
				35AC61A72A62982A00A794B4 /* LaunchScreen.storyboard */,
				35AC61AA2A62982A00A794B4 /* Info.plist */,
				35AC61B52A62B87300A794B4 /* ChildViewController.swift */,
			);
			path = CompactController;
			sourceTree = "<group>";
		};
		35AC61B02A62B81800A794B4 /* Gradients */ = {
			isa = PBXGroup;
			children = (
				35AC61B12A62B82C00A794B4 /* GradientView.swift */,
				35AC61B32A62B84800A794B4 /* Gradient.swift */,
			);
			path = Gradients;
			sourceTree = "<group>";
		};
/* End PBXGroup section */

/* Begin PBXNativeTarget section */
		35AC61982A62982900A794B4 /* CompactController */ = {
			isa = PBXNativeTarget;
			buildConfigurationList = 35AC61AD2A62982A00A794B4 /* Build configuration list for PBXNativeTarget "CompactController" */;
			buildPhases = (
				35AC61952A62982900A794B4 /* Sources */,
				35AC61962A62982900A794B4 /* Frameworks */,
				35AC61972A62982900A794B4 /* Resources */,
			);
			buildRules = (
			);
			dependencies = (
			);
			name = CompactController;
			productName = CompactController;
			productReference = 35AC61992A62982900A794B4 /* CompactController.app */;
			productType = "com.apple.product-type.application";
		};
/* End PBXNativeTarget section */

/* Begin PBXProject section */
		35AC61912A62982900A794B4 /* Project object */ = {
			isa = PBXProject;
			attributes = {
				BuildIndependentTargetsInParallel = 1;
				LastSwiftUpdateCheck = 1400;
				LastUpgradeCheck = 1400;
				TargetAttributes = {
					35AC61982A62982900A794B4 = {
						CreatedOnToolsVersion = 14.0;
					};
				};
			};
			buildConfigurationList = 35AC61942A62982900A794B4 /* Build configuration list for PBXProject "CompactController" */;
			compatibilityVersion = "Xcode 14.0";
			developmentRegion = en;
			hasScannedForEncodings = 0;
			knownRegions = (
				en,
				Base,
			);
			mainGroup = 35AC61902A62982900A794B4;
			productRefGroup = 35AC619A2A62982900A794B4 /* Products */;
			projectDirPath = "";
			projectRoot = "";
			targets = (
				35AC61982A62982900A794B4 /* CompactController */,
			);
		};
/* End PBXProject section */

/* Begin PBXResourcesBuildPhase section */
		35AC61972A62982900A794B4 /* Resources */ = {
			isa = PBXResourcesBuildPhase;
			buildActionMask = 2147483647;
			files = (
				35AC61A92A62982A00A794B4 /* LaunchScreen.storyboard in Resources */,
				35AC61A62A62982A00A794B4 /* Assets.xcassets in Resources */,
			);
			runOnlyForDeploymentPostprocessing = 0;
		};
/* End PBXResourcesBuildPhase section */

/* Begin PBXSourcesBuildPhase section */
		35AC61952A62982900A794B4 /* Sources */ = {
			isa = PBXSourcesBuildPhase;
			buildActionMask = 2147483647;
			files = (
				35AC61B42A62B84800A794B4 /* Gradient.swift in Sources */,
				35AC61A12A62982900A794B4 /* ViewController.swift in Sources */,
				35AC619D2A62982900A794B4 /* AppDelegate.swift in Sources */,
				35AC61B22A62B82C00A794B4 /* GradientView.swift in Sources */,
				35AC619F2A62982900A794B4 /* SceneDelegate.swift in Sources */,
				35AC61B62A62B87300A794B4 /* ChildViewController.swift in Sources */,
			);
			runOnlyForDeploymentPostprocessing = 0;
		};
/* End PBXSourcesBuildPhase section */

/* Begin PBXVariantGroup section */
		35AC61A72A62982A00A794B4 /* LaunchScreen.storyboard */ = {
			isa = PBXVariantGroup;
			children = (
				35AC61A82A62982A00A794B4 /* Base */,
			);
			name = LaunchScreen.storyboard;
			sourceTree = "<group>";
		};
/* End PBXVariantGroup section */

/* Begin XCBuildConfiguration section */
		35AC61AB2A62982A00A794B4 /* Debug */ = {
			isa = XCBuildConfiguration;
			buildSettings = {
				ALWAYS_SEARCH_USER_PATHS = NO;
				CLANG_ANALYZER_NONNULL = YES;
				CLANG_ANALYZER_NUMBER_OBJECT_CONVERSION = YES_AGGRESSIVE;
				CLANG_CXX_LANGUAGE_STANDARD = "gnu++20";
				CLANG_ENABLE_MODULES = YES;
				CLANG_ENABLE_OBJC_ARC = YES;
				CLANG_ENABLE_OBJC_WEAK = YES;
				CLANG_WARN_BLOCK_CAPTURE_AUTORELEASING = YES;
				CLANG_WARN_BOOL_CONVERSION = YES;
				CLANG_WARN_COMMA = YES;
				CLANG_WARN_CONSTANT_CONVERSION = YES;
				CLANG_WARN_DEPRECATED_OBJC_IMPLEMENTATIONS = YES;
				CLANG_WARN_DIRECT_OBJC_ISA_USAGE = YES_ERROR;
				CLANG_WARN_DOCUMENTATION_COMMENTS = YES;
				CLANG_WARN_EMPTY_BODY = YES;
				CLANG_WARN_ENUM_CONVERSION = YES;
				CLANG_WARN_INFINITE_RECURSION = YES;
				CLANG_WARN_INT_CONVERSION = YES;
				CLANG_WARN_NON_LITERAL_NULL_CONVERSION = YES;
				CLANG_WARN_OBJC_IMPLICIT_RETAIN_SELF = YES;
				CLANG_WARN_OBJC_LITERAL_CONVERSION = YES;
				CLANG_WARN_OBJC_ROOT_CLASS = YES_ERROR;
				CLANG_WARN_QUOTED_INCLUDE_IN_FRAMEWORK_HEADER = YES;
				CLANG_WARN_RANGE_LOOP_ANALYSIS = YES;
				CLANG_WARN_STRICT_PROTOTYPES = YES;
				CLANG_WARN_SUSPICIOUS_MOVE = YES;
				CLANG_WARN_UNGUARDED_AVAILABILITY = YES_AGGRESSIVE;
				CLANG_WARN_UNREACHABLE_CODE = YES;
				CLANG_WARN__DUPLICATE_METHOD_MATCH = YES;
				COPY_PHASE_STRIP = NO;
				DEBUG_INFORMATION_FORMAT = dwarf;
				ENABLE_STRICT_OBJC_MSGSEND = YES;
				ENABLE_TESTABILITY = YES;
				GCC_C_LANGUAGE_STANDARD = gnu11;
				GCC_DYNAMIC_NO_PIC = NO;
				GCC_NO_COMMON_BLOCKS = YES;
				GCC_OPTIMIZATION_LEVEL = 0;
				GCC_PREPROCESSOR_DEFINITIONS = (
					"DEBUG=1",
					"$(inherited)",
				);
				GCC_WARN_64_TO_32_BIT_CONVERSION = YES;
				GCC_WARN_ABOUT_RETURN_TYPE = YES_ERROR;
				GCC_WARN_UNDECLARED_SELECTOR = YES;
				GCC_WARN_UNINITIALIZED_AUTOS = YES_AGGRESSIVE;
				GCC_WARN_UNUSED_FUNCTION = YES;
				GCC_WARN_UNUSED_VARIABLE = YES;
				IPHONEOS_DEPLOYMENT_TARGET = 16.0;
				MTL_ENABLE_DEBUG_INFO = INCLUDE_SOURCE;
				MTL_FAST_MATH = YES;
				ONLY_ACTIVE_ARCH = YES;
				SDKROOT = iphoneos;
				SWIFT_ACTIVE_COMPILATION_CONDITIONS = DEBUG;
				SWIFT_OPTIMIZATION_LEVEL = "-Onone";
			};
			name = Debug;
		};
		35AC61AC2A62982A00A794B4 /* Release */ = {
			isa = XCBuildConfiguration;
			buildSettings = {
				ALWAYS_SEARCH_USER_PATHS = NO;
				CLANG_ANALYZER_NONNULL = YES;
				CLANG_ANALYZER_NUMBER_OBJECT_CONVERSION = YES_AGGRESSIVE;
				CLANG_CXX_LANGUAGE_STANDARD = "gnu++20";
				CLANG_ENABLE_MODULES = YES;
				CLANG_ENABLE_OBJC_ARC = YES;
				CLANG_ENABLE_OBJC_WEAK = YES;
				CLANG_WARN_BLOCK_CAPTURE_AUTORELEASING = YES;
				CLANG_WARN_BOOL_CONVERSION = YES;
				CLANG_WARN_COMMA = YES;
				CLANG_WARN_CONSTANT_CONVERSION = YES;
				CLANG_WARN_DEPRECATED_OBJC_IMPLEMENTATIONS = YES;
				CLANG_WARN_DIRECT_OBJC_ISA_USAGE = YES_ERROR;
				CLANG_WARN_DOCUMENTATION_COMMENTS = YES;
				CLANG_WARN_EMPTY_BODY = YES;
				CLANG_WARN_ENUM_CONVERSION = YES;
				CLANG_WARN_INFINITE_RECURSION = YES;
				CLANG_WARN_INT_CONVERSION = YES;
				CLANG_WARN_NON_LITERAL_NULL_CONVERSION = YES;
				CLANG_WARN_OBJC_IMPLICIT_RETAIN_SELF = YES;
				CLANG_WARN_OBJC_LITERAL_CONVERSION = YES;
				CLANG_WARN_OBJC_ROOT_CLASS = YES_ERROR;
				CLANG_WARN_QUOTED_INCLUDE_IN_FRAMEWORK_HEADER = YES;
				CLANG_WARN_RANGE_LOOP_ANALYSIS = YES;
				CLANG_WARN_STRICT_PROTOTYPES = YES;
				CLANG_WARN_SUSPICIOUS_MOVE = YES;
				CLANG_WARN_UNGUARDED_AVAILABILITY = YES_AGGRESSIVE;
				CLANG_WARN_UNREACHABLE_CODE = YES;
				CLANG_WARN__DUPLICATE_METHOD_MATCH = YES;
				COPY_PHASE_STRIP = NO;
				DEBUG_INFORMATION_FORMAT = "dwarf-with-dsym";
				ENABLE_NS_ASSERTIONS = NO;
				ENABLE_STRICT_OBJC_MSGSEND = YES;
				GCC_C_LANGUAGE_STANDARD = gnu11;
				GCC_NO_COMMON_BLOCKS = YES;
				GCC_WARN_64_TO_32_BIT_CONVERSION = YES;
				GCC_WARN_ABOUT_RETURN_TYPE = YES_ERROR;
				GCC_WARN_UNDECLARED_SELECTOR = YES;
				GCC_WARN_UNINITIALIZED_AUTOS = YES_AGGRESSIVE;
				GCC_WARN_UNUSED_FUNCTION = YES;
				GCC_WARN_UNUSED_VARIABLE = YES;
				IPHONEOS_DEPLOYMENT_TARGET = 16.0;
				MTL_ENABLE_DEBUG_INFO = NO;
				MTL_FAST_MATH = YES;
				SDKROOT = iphoneos;
				SWIFT_COMPILATION_MODE = wholemodule;
				SWIFT_OPTIMIZATION_LEVEL = "-O";
				VALIDATE_PRODUCT = YES;
			};
			name = Release;
		};
		35AC61AE2A62982A00A794B4 /* Debug */ = {
			isa = XCBuildConfiguration;
			buildSettings = {
				ASSETCATALOG_COMPILER_APPICON_NAME = AppIcon;
				ASSETCATALOG_COMPILER_GLOBAL_ACCENT_COLOR_NAME = AccentColor;
				CODE_SIGN_STYLE = Automatic;
				CURRENT_PROJECT_VERSION = 1;
				DEVELOPMENT_TEAM = QZA5Q28CH8;
				GENERATE_INFOPLIST_FILE = YES;
				INFOPLIST_FILE = CompactController/Info.plist;
				INFOPLIST_KEY_UIApplicationSupportsIndirectInputEvents = YES;
				INFOPLIST_KEY_UILaunchStoryboardName = LaunchScreen;
				INFOPLIST_KEY_UISupportedInterfaceOrientations_iPad = "UIInterfaceOrientationPortrait UIInterfaceOrientationPortraitUpsideDown UIInterfaceOrientationLandscapeLeft UIInterfaceOrientationLandscapeRight";
				INFOPLIST_KEY_UISupportedInterfaceOrientations_iPhone = "UIInterfaceOrientationPortrait UIInterfaceOrientationLandscapeLeft UIInterfaceOrientationLandscapeRight";
				LD_RUNPATH_SEARCH_PATHS = (
					"$(inherited)",
					"@executable_path/Frameworks",
				);
				MARKETING_VERSION = 1.0;
				PRODUCT_BUNDLE_IDENTIFIER = Maraphone.Vyacheslav.CompactController;
				PRODUCT_NAME = "$(TARGET_NAME)";
				SWIFT_EMIT_LOC_STRINGS = YES;
				SWIFT_VERSION = 5.0;
				TARGETED_DEVICE_FAMILY = "1,2";
			};
			name = Debug;
		};
		35AC61AF2A62982A00A794B4 /* Release */ = {
			isa = XCBuildConfiguration;
			buildSettings = {
				ASSETCATALOG_COMPILER_APPICON_NAME = AppIcon;
				ASSETCATALOG_COMPILER_GLOBAL_ACCENT_COLOR_NAME = AccentColor;
				CODE_SIGN_STYLE = Automatic;
				CURRENT_PROJECT_VERSION = 1;
				DEVELOPMENT_TEAM = QZA5Q28CH8;
				GENERATE_INFOPLIST_FILE = YES;
				INFOPLIST_FILE = CompactController/Info.plist;
				INFOPLIST_KEY_UIApplicationSupportsIndirectInputEvents = YES;
				INFOPLIST_KEY_UILaunchStoryboardName = LaunchScreen;
				INFOPLIST_KEY_UISupportedInterfaceOrientations_iPad = "UIInterfaceOrientationPortrait UIInterfaceOrientationPortraitUpsideDown UIInterfaceOrientationLandscapeLeft UIInterfaceOrientationLandscapeRight";
				INFOPLIST_KEY_UISupportedInterfaceOrientations_iPhone = "UIInterfaceOrientationPortrait UIInterfaceOrientationLandscapeLeft UIInterfaceOrientationLandscapeRight";
				LD_RUNPATH_SEARCH_PATHS = (
					"$(inherited)",
					"@executable_path/Frameworks",
				);
				MARKETING_VERSION = 1.0;
				PRODUCT_BUNDLE_IDENTIFIER = Maraphone.Vyacheslav.CompactController;
				PRODUCT_NAME = "$(TARGET_NAME)";
				SWIFT_EMIT_LOC_STRINGS = YES;
				SWIFT_VERSION = 5.0;
				TARGETED_DEVICE_FAMILY = "1,2";
			};
			name = Release;
		};
/* End XCBuildConfiguration section */

/* Begin XCConfigurationList section */
		35AC61942A62982900A794B4 /* Build configuration list for PBXProject "CompactController" */ = {
			isa = XCConfigurationList;
			buildConfigurations = (
				35AC61AB2A62982A00A794B4 /* Debug */,
				35AC61AC2A62982A00A794B4 /* Release */,
			);
			defaultConfigurationIsVisible = 0;
			defaultConfigurationName = Release;
		};
		35AC61AD2A62982A00A794B4 /* Build configuration list for PBXNativeTarget "CompactController" */ = {
			isa = XCConfigurationList;
			buildConfigurations = (
				35AC61AE2A62982A00A794B4 /* Debug */,
				35AC61AF2A62982A00A794B4 /* Release */,
			);
			defaultConfigurationIsVisible = 0;
			defaultConfigurationName = Release;
		};
/* End XCConfigurationList section */
	};
	rootObject = 35AC61912A62982900A794B4 /* Project object */;
}
